{
  "pins" : [
    {
      "identity" : "scanbot-sdk-ios-spm",
      "kind" : "remoteSourceControl",
      "location" : "https://github.com/doo/scanbot-sdk-ios-spm.git",
      "state" : {
        "revision" : "797609a866b7a01a832a9f3865ef0c5b94b2820f",
        "version" : "3.0.0"
      }
    }
  ],
  "version" : 2
}
