{
  "pins" : [
    {
      "identity" : "scanbot-sdk-ios-spm",
      "kind" : "remoteSourceControl",
      "location" : "https://github.com/doo/scanbot-sdk-ios-spm.git",
      "state" : {
        "revision" : "ae828543d71f31c3aa494cd96f70ede79202e8f9",
        "version" : "4.1.0-RC3"
      }
    }
  ],
  "version" : 2
}
